
Microsoft Visual Studio Solution File, Format Version 12.00
# Visual Studio Version 17
VisualStudioVersion = 17.9.34622.214
MinimumVisualStudioVersion = 10.0.40219.1
Project("{FAE04EC0-301F-11D3-BF4B-00C04F79EFBC}") = "Agenda_Saude.Api", "Agenda_Saude.Api\Agenda_Saude.Api.csproj", "{7FB80065-6738-4A42-9786-F587099C1606}"
EndProject
Global
	GlobalSection(SolutionConfigurationPlatforms) = preSolution
		Debug|Any CPU = Debug|Any CPU
		Release|Any CPU = Release|Any CPU
	EndGlobalSection
	GlobalSection(ProjectConfigurationPlatforms) = postSolution
		{7FB80065-6738-4A42-9786-F587099C1606}.Debug|Any CPU.ActiveCfg = Debug|Any CPU
		{7FB80065-6738-4A42-9786-F587099C1606}.Debug|Any CPU.Build.0 = Debug|Any CPU
		{7FB80065-6738-4A42-9786-F587099C1606}.Release|Any CPU.ActiveCfg = Release|Any CPU
		{7FB80065-6738-4A42-9786-F587099C1606}.Release|Any CPU.Build.0 = Release|Any CPU
	EndGlobalSection
	GlobalSection(SolutionProperties) = preSolution
		HideSolutionNode = FALSE
	EndGlobalSection
	GlobalSection(ExtensibilityGlobals) = postSolution
		SolutionGuid = {969F0B45-CC2F-4978-A0E7-C46A12D2CB1A}
	EndGlobalSection
EndGlobal
